// !$*UTF8*$!
{
	archiveVersion = 1;
	classes = {
	};
	objectVersion = 50;
	objects = {

/* Begin PBXBuildFile section */
		C380DC59270788C6003C5AA6 /* AppDelegate.swift in Sources */ = {isa = PBXBuildFile; fileRef = C380DC58270788C6003C5AA6 /* AppDelegate.swift */; };
		C380DC5B270788C6003C5AA6 /* SceneDelegate.swift in Sources */ = {isa = PBXBuildFile; fileRef = C380DC5A270788C6003C5AA6 /* SceneDelegate.swift */; };
		C380DC5D270788C6003C5AA6 /* ViewController.swift in Sources */ = {isa = PBXBuildFile; fileRef = C380DC5C270788C6003C5AA6 /* ViewController.swift */; };
		C380DC60270788C6003C5AA6 /* Main.storyboard in Resources */ = {isa = PBXBuildFile; fileRef = C380DC5E270788C6003C5AA6 /* Main.storyboard */; };
		C380DC62270788C7003C5AA6 /* Assets.xcassets in Resources */ = {isa = PBXBuildFile; fileRef = C380DC61270788C7003C5AA6 /* Assets.xcassets */; };
		C380DC65270788C7003C5AA6 /* LaunchScreen.storyboard in Resources */ = {isa = PBXBuildFile; fileRef = C380DC63270788C7003C5AA6 /* LaunchScreen.storyboard */; };
		C380DC70270788C7003C5AA6 /* TTT_HWTests.swift in Sources */ = {isa = PBXBuildFile; fileRef = C380DC6F270788C7003C5AA6 /* TTT_HWTests.swift */; };
		C380DC7B270788C7003C5AA6 /* TTT_HWUITests.swift in Sources */ = {isa = PBXBuildFile; fileRef = C380DC7A270788C7003C5AA6 /* TTT_HWUITests.swift */; };
/* End PBXBuildFile section */

/* Begin PBXContainerItemProxy section */
		C380DC6C270788C7003C5AA6 /* PBXContainerItemProxy */ = {
			isa = PBXContainerItemProxy;
			containerPortal = C380DC4D270788C6003C5AA6 /* Project object */;
			proxyType = 1;
			remoteGlobalIDString = C380DC54270788C6003C5AA6;
			remoteInfo = TTT.HW;
		};
		C380DC77270788C7003C5AA6 /* PBXContainerItemProxy */ = {
			isa = PBXContainerItemProxy;
			containerPortal = C380DC4D270788C6003C5AA6 /* Project object */;
			proxyType = 1;
			remoteGlobalIDString = C380DC54270788C6003C5AA6;
			remoteInfo = TTT.HW;
		};
/* End PBXContainerItemProxy section */

/* Begin PBXFileReference section */
		C380DC55270788C6003C5AA6 /* TTT.HW.app */ = {isa = PBXFileReference; explicitFileType = wrapper.application; includeInIndex = 0; path = TTT.HW.app; sourceTree = BUILT_PRODUCTS_DIR; };
		C380DC58270788C6003C5AA6 /* AppDelegate.swift */ = {isa = PBXFileReference; lastKnownFileType = sourcecode.swift; path = AppDelegate.swift; sourceTree = "<group>"; };
		C380DC5A270788C6003C5AA6 /* SceneDelegate.swift */ = {isa = PBXFileReference; lastKnownFileType = sourcecode.swift; path = SceneDelegate.swift; sourceTree = "<group>"; };
		C380DC5C270788C6003C5AA6 /* ViewController.swift */ = {isa = PBXFileReference; lastKnownFileType = sourcecode.swift; path = ViewController.swift; sourceTree = "<group>"; };
		C380DC5F270788C6003C5AA6 /* Base */ = {isa = PBXFileReference; lastKnownFileType = file.storyboard; name = Base; path = Base.lproj/Main.storyboard; sourceTree = "<group>"; };
		C380DC61270788C7003C5AA6 /* Assets.xcassets */ = {isa = PBXFileReference; lastKnownFileType = folder.assetcatalog; path = Assets.xcassets; sourceTree = "<group>"; };
		C380DC64270788C7003C5AA6 /* Base */ = {isa = PBXFileReference; lastKnownFileType = file.storyboard; name = Base; path = Base.lproj/LaunchScreen.storyboard; sourceTree = "<group>"; };
		C380DC66270788C7003C5AA6 /* Info.plist */ = {isa = PBXFileReference; lastKnownFileType = text.plist.xml; path = Info.plist; sourceTree = "<group>"; };
		C380DC6B270788C7003C5AA6 /* TTT.HWTests.xctest */ = {isa = PBXFileReference; explicitFileType = wrapper.cfbundle; includeInIndex = 0; path = TTT.HWTests.xctest; sourceTree = BUILT_PRODUCTS_DIR; };
		C380DC6F270788C7003C5AA6 /* TTT_HWTests.swift */ = {isa = PBXFileReference; lastKnownFileType = sourcecode.swift; path = TTT_HWTests.swift; sourceTree = "<group>"; };
		C380DC71270788C7003C5AA6 /* Info.plist */ = {isa = PBXFileReference; lastKnownFileType = text.plist.xml; path = Info.plist; sourceTree = "<group>"; };
		C380DC76270788C7003C5AA6 /* TTT.HWUITests.xctest */ = {isa = PBXFileReference; explicitFileType = wrapper.cfbundle; includeInIndex = 0; path = TTT.HWUITests.xctest; sourceTree = BUILT_PRODUCTS_DIR; };
		C380DC7A270788C7003C5AA6 /* TTT_HWUITests.swift */ = {isa = PBXFileReference; lastKnownFileType = sourcecode.swift; path = TTT_HWUITests.swift; sourceTree = "<group>"; };
		C380DC7C270788C7003C5AA6 /* Info.plist */ = {isa = PBXFileReference; lastKnownFileType = text.plist.xml; path = Info.plist; sourceTree = "<group>"; };
/* End PBXFileReference section */

/* Begin PBXFrameworksBuildPhase section */
		C380DC52270788C6003C5AA6 /* Frameworks */ = {
			isa = PBXFrameworksBuildPhase;
			buildActionMask = 2147483647;
			files = (
			);
			runOnlyForDeploymentPostprocessing = 0;
		};
		C380DC68270788C7003C5AA6 /* Frameworks */ = {
			isa = PBXFrameworksBuildPhase;
			buildActionMask = 2147483647;
			files = (
			);
			runOnlyForDeploymentPostprocessing = 0;
		};
		C380DC73270788C7003C5AA6 /* Frameworks */ = {
			isa = PBXFrameworksBuildPhase;
			buildActionMask = 2147483647;
			files = (
			);
			runOnlyForDeploymentPostprocessing = 0;
		};
/* End PBXFrameworksBuildPhase section */

/* Begin PBXGroup section */
		C380DC4C270788C6003C5AA6 = {
			isa = PBXGroup;
			children = (
				C380DC57270788C6003C5AA6 /* TTT.HW */,
				C380DC6E270788C7003C5AA6 /* TTT.HWTests */,
				C380DC79270788C7003C5AA6 /* TTT.HWUITests */,
				C380DC56270788C6003C5AA6 /* Products */,
			);
			sourceTree = "<group>";
		};
		C380DC56270788C6003C5AA6 /* Products */ = {
			isa = PBXGroup;
			children = (
				C380DC55270788C6003C5AA6 /* TTT.HW.app */,
				C380DC6B270788C7003C5AA6 /* TTT.HWTests.xctest */,
				C380DC76270788C7003C5AA6 /* TTT.HWUITests.xctest */,
			);
			name = Products;
			sourceTree = "<group>";
		};
		C380DC57270788C6003C5AA6 /* TTT.HW */ = {
			isa = PBXGroup;
			children = (
				C380DC58270788C6003C5AA6 /* AppDelegate.swift */,
				C380DC5A270788C6003C5AA6 /* SceneDelegate.swift */,
				C380DC5C270788C6003C5AA6 /* ViewController.swift */,
				C380DC5E270788C6003C5AA6 /* Main.storyboard */,
				C380DC61270788C7003C5AA6 /* Assets.xcassets */,
				C380DC63270788C7003C5AA6 /* LaunchScreen.storyboard */,
				C380DC66270788C7003C5AA6 /* Info.plist */,
			);
			path = TTT.HW;
			sourceTree = "<group>";
		};
		C380DC6E270788C7003C5AA6 /* TTT.HWTests */ = {
			isa = PBXGroup;
			children = (
				C380DC6F270788C7003C5AA6 /* TTT_HWTests.swift */,
				C380DC71270788C7003C5AA6 /* Info.plist */,
			);
			path = TTT.HWTests;
			sourceTree = "<group>";
		};
		C380DC79270788C7003C5AA6 /* TTT.HWUITests */ = {
			isa = PBXGroup;
			children = (
				C380DC7A270788C7003C5AA6 /* TTT_HWUITests.swift */,
				C380DC7C270788C7003C5AA6 /* Info.plist */,
			);
			path = TTT.HWUITests;
			sourceTree = "<group>";
		};
/* End PBXGroup section */

/* Begin PBXNativeTarget section */
		C380DC54270788C6003C5AA6 /* TTT.HW */ = {
			isa = PBXNativeTarget;
			buildConfigurationList = C380DC7F270788C7003C5AA6 /* Build configuration list for PBXNativeTarget "TTT.HW" */;
			buildPhases = (
				C380DC51270788C6003C5AA6 /* Sources */,
				C380DC52270788C6003C5AA6 /* Frameworks */,
				C380DC53270788C6003C5AA6 /* Resources */,
			);
			buildRules = (
			);
			dependencies = (
			);
			name = TTT.HW;
			productName = TTT.HW;
			productReference = C380DC55270788C6003C5AA6 /* TTT.HW.app */;
			productType = "com.apple.product-type.application";
		};
		C380DC6A270788C7003C5AA6 /* TTT.HWTests */ = {
			isa = PBXNativeTarget;
			buildConfigurationList = C380DC82270788C7003C5AA6 /* Build configuration list for PBXNativeTarget "TTT.HWTests" */;
			buildPhases = (
				C380DC67270788C7003C5AA6 /* Sources */,
				C380DC68270788C7003C5AA6 /* Frameworks */,
				C380DC69270788C7003C5AA6 /* Resources */,
			);
			buildRules = (
			);
			dependencies = (
				C380DC6D270788C7003C5AA6 /* PBXTargetDependency */,
			);
			name = TTT.HWTests;
			productName = TTT.HWTests;
			productReference = C380DC6B270788C7003C5AA6 /* TTT.HWTests.xctest */;
			productType = "com.apple.product-type.bundle.unit-test";
		};
		C380DC75270788C7003C5AA6 /* TTT.HWUITests */ = {
			isa = PBXNativeTarget;
			buildConfigurationList = C380DC85270788C7003C5AA6 /* Build configuration list for PBXNativeTarget "TTT.HWUITests" */;
			buildPhases = (
				C380DC72270788C7003C5AA6 /* Sources */,
				C380DC73270788C7003C5AA6 /* Frameworks */,
				C380DC74270788C7003C5AA6 /* Resources */,
			);
			buildRules = (
			);
			dependencies = (
				C380DC78270788C7003C5AA6 /* PBXTargetDependency */,
			);
			name = TTT.HWUITests;
			productName = TTT.HWUITests;
			productReference = C380DC76270788C7003C5AA6 /* TTT.HWUITests.xctest */;
			productType = "com.apple.product-type.bundle.ui-testing";
		};
/* End PBXNativeTarget section */

/* Begin PBXProject section */
		C380DC4D270788C6003C5AA6 /* Project object */ = {
			isa = PBXProject;
			attributes = {
				LastSwiftUpdateCheck = 1250;
				LastUpgradeCheck = 1250;
				TargetAttributes = {
					C380DC54270788C6003C5AA6 = {
						CreatedOnToolsVersion = 12.5.1;
					};
					C380DC6A270788C7003C5AA6 = {
						CreatedOnToolsVersion = 12.5.1;
						TestTargetID = C380DC54270788C6003C5AA6;
					};
					C380DC75270788C7003C5AA6 = {
						CreatedOnToolsVersion = 12.5.1;
						TestTargetID = C380DC54270788C6003C5AA6;
					};
				};
			};
			buildConfigurationList = C380DC50270788C6003C5AA6 /* Build configuration list for PBXProject "TTT.HW" */;
			compatibilityVersion = "Xcode 9.3";
			developmentRegion = en;
			hasScannedForEncodings = 0;
			knownRegions = (
				en,
				Base,
			);
			mainGroup = C380DC4C270788C6003C5AA6;
			productRefGroup = C380DC56270788C6003C5AA6 /* Products */;
			projectDirPath = "";
			projectRoot = "";
			targets = (
				C380DC54270788C6003C5AA6 /* TTT.HW */,
				C380DC6A270788C7003C5AA6 /* TTT.HWTests */,
				C380DC75270788C7003C5AA6 /* TTT.HWUITests */,
			);
		};
/* End PBXProject section */

/* Begin PBXResourcesBuildPhase section */
		C380DC53270788C6003C5AA6 /* Resources */ = {
			isa = PBXResourcesBuildPhase;
			buildActionMask = 2147483647;
			files = (
				C380DC65270788C7003C5AA6 /* LaunchScreen.storyboard in Resources */,
				C380DC62270788C7003C5AA6 /* Assets.xcassets in Resources */,
				C380DC60270788C6003C5AA6 /* Main.storyboard in Resources */,
			);
			runOnlyForDeploymentPostprocessing = 0;
		};
		C380DC69270788C7003C5AA6 /* Resources */ = {
			isa = PBXResourcesBuildPhase;
			buildActionMask = 2147483647;
			files = (
			);
			runOnlyForDeploymentPostprocessing = 0;
		};
		C380DC74270788C7003C5AA6 /* Resources */ = {
			isa = PBXResourcesBuildPhase;
			buildActionMask = 2147483647;
			files = (
			);
			runOnlyForDeploymentPostprocessing = 0;
		};
/* End PBXResourcesBuildPhase section */

/* Begin PBXSourcesBuildPhase section */
		C380DC51270788C6003C5AA6 /* Sources */ = {
			isa = PBXSourcesBuildPhase;
			buildActionMask = 2147483647;
			files = (
				C380DC5D270788C6003C5AA6 /* ViewController.swift in Sources */,
				C380DC59270788C6003C5AA6 /* AppDelegate.swift in Sources */,
				C380DC5B270788C6003C5AA6 /* SceneDelegate.swift in Sources */,
			);
			runOnlyForDeploymentPostprocessing = 0;
		};
		C380DC67270788C7003C5AA6 /* Sources */ = {
			isa = PBXSourcesBuildPhase;
			buildActionMask = 2147483647;
			files = (
				C380DC70270788C7003C5AA6 /* TTT_HWTests.swift in Sources */,
			);
			runOnlyForDeploymentPostprocessing = 0;
		};
		C380DC72270788C7003C5AA6 /* Sources */ = {
			isa = PBXSourcesBuildPhase;
			buildActionMask = 2147483647;
			files = (
				C380DC7B270788C7003C5AA6 /* TTT_HWUITests.swift in Sources */,
			);
			runOnlyForDeploymentPostprocessing = 0;
		};
/* End PBXSourcesBuildPhase section */

/* Begin PBXTargetDependency section */
		C380DC6D270788C7003C5AA6 /* PBXTargetDependency */ = {
			isa = PBXTargetDependency;
			target = C380DC54270788C6003C5AA6 /* TTT.HW */;
			targetProxy = C380DC6C270788C7003C5AA6 /* PBXContainerItemProxy */;
		};
		C380DC78270788C7003C5AA6 /* PBXTargetDependency */ = {
			isa = PBXTargetDependency;
			target = C380DC54270788C6003C5AA6 /* TTT.HW */;
			targetProxy = C380DC77270788C7003C5AA6 /* PBXContainerItemProxy */;
		};
/* End PBXTargetDependency section */

/* Begin PBXVariantGroup section */
		C380DC5E270788C6003C5AA6 /* Main.storyboard */ = {
			isa = PBXVariantGroup;
			children = (
				C380DC5F270788C6003C5AA6 /* Base */,
			);
			name = Main.storyboard;
			sourceTree = "<group>";
		};
		C380DC63270788C7003C5AA6 /* LaunchScreen.storyboard */ = {
			isa = PBXVariantGroup;
			children = (
				C380DC64270788C7003C5AA6 /* Base */,
			);
			name = LaunchScreen.storyboard;
			sourceTree = "<group>";
		};
/* End PBXVariantGroup section */

/* Begin XCBuildConfiguration section */
		C380DC7D270788C7003C5AA6 /* Debug */ = {
			isa = XCBuildConfiguration;
			buildSettings = {
				ALWAYS_SEARCH_USER_PATHS = NO;
				CLANG_ANALYZER_NONNULL = YES;
				CLANG_ANALYZER_NUMBER_OBJECT_CONVERSION = YES_AGGRESSIVE;
				CLANG_CXX_LANGUAGE_STANDARD = "gnu++14";
				CLANG_CXX_LIBRARY = "libc++";
				CLANG_ENABLE_MODULES = YES;
				CLANG_ENABLE_OBJC_ARC = YES;
				CLANG_ENABLE_OBJC_WEAK = YES;
				CLANG_WARN_BLOCK_CAPTURE_AUTORELEASING = YES;
				CLANG_WARN_BOOL_CONVERSION = YES;
				CLANG_WARN_COMMA = YES;
				CLANG_WARN_CONSTANT_CONVERSION = YES;
				CLANG_WARN_DEPRECATED_OBJC_IMPLEMENTATIONS = YES;
				CLANG_WARN_DIRECT_OBJC_ISA_USAGE = YES_ERROR;
				CLANG_WARN_DOCUMENTATION_COMMENTS = YES;
				CLANG_WARN_EMPTY_BODY = YES;
				CLANG_WARN_ENUM_CONVERSION = YES;
				CLANG_WARN_INFINITE_RECURSION = YES;
				CLANG_WARN_INT_CONVERSION = YES;
				CLANG_WARN_NON_LITERAL_NULL_CONVERSION = YES;
				CLANG_WARN_OBJC_IMPLICIT_RETAIN_SELF = YES;
				CLANG_WARN_OBJC_LITERAL_CONVERSION = YES;
				CLANG_WARN_OBJC_ROOT_CLASS = YES_ERROR;
				CLANG_WARN_QUOTED_INCLUDE_IN_FRAMEWORK_HEADER = YES;
				CLANG_WARN_RANGE_LOOP_ANALYSIS = YES;
				CLANG_WARN_STRICT_PROTOTYPES = YES;
				CLANG_WARN_SUSPICIOUS_MOVE = YES;
				CLANG_WARN_UNGUARDED_AVAILABILITY = YES_AGGRESSIVE;
				CLANG_WARN_UNREACHABLE_CODE = YES;
				CLANG_WARN__DUPLICATE_METHOD_MATCH = YES;
				COPY_PHASE_STRIP = NO;
				DEBUG_INFORMATION_FORMAT = dwarf;
				ENABLE_STRICT_OBJC_MSGSEND = YES;
				ENABLE_TESTABILITY = YES;
				GCC_C_LANGUAGE_STANDARD = gnu11;
				GCC_DYNAMIC_NO_PIC = NO;
				GCC_NO_COMMON_BLOCKS = YES;
				GCC_OPTIMIZATION_LEVEL = 0;
				GCC_PREPROCESSOR_DEFINITIONS = (
					"DEBUG=1",
					"$(inherited)",
				);
				GCC_WARN_64_TO_32_BIT_CONVERSION = YES;
				GCC_WARN_ABOUT_RETURN_TYPE = YES_ERROR;
				GCC_WARN_UNDECLARED_SELECTOR = YES;
				GCC_WARN_UNINITIALIZED_AUTOS = YES_AGGRESSIVE;
				GCC_WARN_UNUSED_FUNCTION = YES;
				GCC_WARN_UNUSED_VARIABLE = YES;
				IPHONEOS_DEPLOYMENT_TARGET = 14.5;
				MTL_ENABLE_DEBUG_INFO = INCLUDE_SOURCE;
				MTL_FAST_MATH = YES;
				ONLY_ACTIVE_ARCH = YES;
				SDKROOT = iphoneos;
				SWIFT_ACTIVE_COMPILATION_CONDITIONS = DEBUG;
				SWIFT_OPTIMIZATION_LEVEL = "-Onone";
			};
			name = Debug;
		};
		C380DC7E270788C7003C5AA6 /* Release */ = {
			isa = XCBuildConfiguration;
			buildSettings = {
				ALWAYS_SEARCH_USER_PATHS = NO;
				CLANG_ANALYZER_NONNULL = YES;
				CLANG_ANALYZER_NUMBER_OBJECT_CONVERSION = YES_AGGRESSIVE;
				CLANG_CXX_LANGUAGE_STANDARD = "gnu++14";
				CLANG_CXX_LIBRARY = "libc++";
				CLANG_ENABLE_MODULES = YES;
				CLANG_ENABLE_OBJC_ARC = YES;
				CLANG_ENABLE_OBJC_WEAK = YES;
				CLANG_WARN_BLOCK_CAPTURE_AUTORELEASING = YES;
				CLANG_WARN_BOOL_CONVERSION = YES;
				CLANG_WARN_COMMA = YES;
				CLANG_WARN_CONSTANT_CONVERSION = YES;
				CLANG_WARN_DEPRECATED_OBJC_IMPLEMENTATIONS = YES;
				CLANG_WARN_DIRECT_OBJC_ISA_USAGE = YES_ERROR;
				CLANG_WARN_DOCUMENTATION_COMMENTS = YES;
				CLANG_WARN_EMPTY_BODY = YES;
				CLANG_WARN_ENUM_CONVERSION = YES;
				CLANG_WARN_INFINITE_RECURSION = YES;
				CLANG_WARN_INT_CONVERSION = YES;
				CLANG_WARN_NON_LITERAL_NULL_CONVERSION = YES;
				CLANG_WARN_OBJC_IMPLICIT_RETAIN_SELF = YES;
				CLANG_WARN_OBJC_LITERAL_CONVERSION = YES;
				CLANG_WARN_OBJC_ROOT_CLASS = YES_ERROR;
				CLANG_WARN_QUOTED_INCLUDE_IN_FRAMEWORK_HEADER = YES;
				CLANG_WARN_RANGE_LOOP_ANALYSIS = YES;
				CLANG_WARN_STRICT_PROTOTYPES = YES;
				CLANG_WARN_SUSPICIOUS_MOVE = YES;
				CLANG_WARN_UNGUARDED_AVAILABILITY = YES_AGGRESSIVE;
				CLANG_WARN_UNREACHABLE_CODE = YES;
				CLANG_WARN__DUPLICATE_METHOD_MATCH = YES;
				COPY_PHASE_STRIP = NO;
				DEBUG_INFORMATION_FORMAT = "dwarf-with-dsym";
				ENABLE_NS_ASSERTIONS = NO;
				ENABLE_STRICT_OBJC_MSGSEND = YES;
				GCC_C_LANGUAGE_STANDARD = gnu11;
				GCC_NO_COMMON_BLOCKS = YES;
				GCC_WARN_64_TO_32_BIT_CONVERSION = YES;
				GCC_WARN_ABOUT_RETURN_TYPE = YES_ERROR;
				GCC_WARN_UNDECLARED_SELECTOR = YES;
				GCC_WARN_UNINITIALIZED_AUTOS = YES_AGGRESSIVE;
				GCC_WARN_UNUSED_FUNCTION = YES;
				GCC_WARN_UNUSED_VARIABLE = YES;
				IPHONEOS_DEPLOYMENT_TARGET = 14.5;
				MTL_ENABLE_DEBUG_INFO = NO;
				MTL_FAST_MATH = YES;
				SDKROOT = iphoneos;
				SWIFT_COMPILATION_MODE = wholemodule;
				SWIFT_OPTIMIZATION_LEVEL = "-O";
				VALIDATE_PRODUCT = YES;
			};
			name = Release;
		};
		C380DC80270788C7003C5AA6 /* Debug */ = {
			isa = XCBuildConfiguration;
			buildSettings = {
				ASSETCATALOG_COMPILER_APPICON_NAME = AppIcon;
				ASSETCATALOG_COMPILER_GLOBAL_ACCENT_COLOR_NAME = AccentColor;
				CODE_SIGN_STYLE = Automatic;
				INFOPLIST_FILE = TTT.HW/Info.plist;
				LD_RUNPATH_SEARCH_PATHS = (
					"$(inherited)",
					"@executable_path/Frameworks",
				);
				PRODUCT_BUNDLE_IDENTIFIER = "com.shuaa.Assiment.TTT-HW";
				PRODUCT_NAME = "$(TARGET_NAME)";
				SWIFT_VERSION = 5.0;
				TARGETED_DEVICE_FAMILY = "1,2";
			};
			name = Debug;
		};
		C380DC81270788C7003C5AA6 /* Release */ = {
			isa = XCBuildConfiguration;
			buildSettings = {
				ASSETCATALOG_COMPILER_APPICON_NAME = AppIcon;
				ASSETCATALOG_COMPILER_GLOBAL_ACCENT_COLOR_NAME = AccentColor;
				CODE_SIGN_STYLE = Automatic;
				INFOPLIST_FILE = TTT.HW/Info.plist;
				LD_RUNPATH_SEARCH_PATHS = (
					"$(inherited)",
					"@executable_path/Frameworks",
				);
				PRODUCT_BUNDLE_IDENTIFIER = "com.shuaa.Assiment.TTT-HW";
				PRODUCT_NAME = "$(TARGET_NAME)";
				SWIFT_VERSION = 5.0;
				TARGETED_DEVICE_FAMILY = "1,2";
			};
			name = Release;
		};
		C380DC83270788C7003C5AA6 /* Debug */ = {
			isa = XCBuildConfiguration;
			buildSettings = {
				ALWAYS_EMBED_SWIFT_STANDARD_LIBRARIES = YES;
				BUNDLE_LOADER = "$(TEST_HOST)";
				CODE_SIGN_STYLE = Automatic;
				INFOPLIST_FILE = TTT.HWTests/Info.plist;
				IPHONEOS_DEPLOYMENT_TARGET = 14.5;
				LD_RUNPATH_SEARCH_PATHS = (
					"$(inherited)",
					"@executable_path/Frameworks",
					"@loader_path/Frameworks",
				);
				PRODUCT_BUNDLE_IDENTIFIER = "com.shuaa.Assiment.TTT-HWTests";
				PRODUCT_NAME = "$(TARGET_NAME)";
				SWIFT_VERSION = 5.0;
				TARGETED_DEVICE_FAMILY = "1,2";
				TEST_HOST = "$(BUILT_PRODUCTS_DIR)/TTT.HW.app/TTT.HW";
			};
			name = Debug;
		};
		C380DC84270788C7003C5AA6 /* Release */ = {
			isa = XCBuildConfiguration;
			buildSettings = {
				ALWAYS_EMBED_SWIFT_STANDARD_LIBRARIES = YES;
				BUNDLE_LOADER = "$(TEST_HOST)";
				CODE_SIGN_STYLE = Automatic;
				INFOPLIST_FILE = TTT.HWTests/Info.plist;
				IPHONEOS_DEPLOYMENT_TARGET = 14.5;
				LD_RUNPATH_SEARCH_PATHS = (
					"$(inherited)",
					"@executable_path/Frameworks",
					"@loader_path/Frameworks",
				);
				PRODUCT_BUNDLE_IDENTIFIER = "com.shuaa.Assiment.TTT-HWTests";
				PRODUCT_NAME = "$(TARGET_NAME)";
				SWIFT_VERSION = 5.0;
				TARGETED_DEVICE_FAMILY = "1,2";
				TEST_HOST = "$(BUILT_PRODUCTS_DIR)/TTT.HW.app/TTT.HW";
			};
			name = Release;
		};
		C380DC86270788C7003C5AA6 /* Debug */ = {
			isa = XCBuildConfiguration;
			buildSettings = {
				ALWAYS_EMBED_SWIFT_STANDARD_LIBRARIES = YES;
				CODE_SIGN_STYLE = Automatic;
				INFOPLIST_FILE = TTT.HWUITests/Info.plist;
				LD_RUNPATH_SEARCH_PATHS = (
					"$(inherited)",
					"@executable_path/Frameworks",
					"@loader_path/Frameworks",
				);
				PRODUCT_BUNDLE_IDENTIFIER = "com.shuaa.Assiment.TTT-HWUITests";
				PRODUCT_NAME = "$(TARGET_NAME)";
				SWIFT_VERSION = 5.0;
				TARGETED_DEVICE_FAMILY = "1,2";
				TEST_TARGET_NAME = TTT.HW;
			};
			name = Debug;
		};
		C380DC87270788C7003C5AA6 /* Release */ = {
			isa = XCBuildConfiguration;
			buildSettings = {
				ALWAYS_EMBED_SWIFT_STANDARD_LIBRARIES = YES;
				CODE_SIGN_STYLE = Automatic;
				INFOPLIST_FILE = TTT.HWUITests/Info.plist;
				LD_RUNPATH_SEARCH_PATHS = (
					"$(inherited)",
					"@executable_path/Frameworks",
					"@loader_path/Frameworks",
				);
				PRODUCT_BUNDLE_IDENTIFIER = "com.shuaa.Assiment.TTT-HWUITests";
				PRODUCT_NAME = "$(TARGET_NAME)";
				SWIFT_VERSION = 5.0;
				TARGETED_DEVICE_FAMILY = "1,2";
				TEST_TARGET_NAME = TTT.HW;
			};
			name = Release;
		};
/* End XCBuildConfiguration section */

/* Begin XCConfigurationList section */
		C380DC50270788C6003C5AA6 /* Build configuration list for PBXProject "TTT.HW" */ = {
			isa = XCConfigurationList;
			buildConfigurations = (
				C380DC7D270788C7003C5AA6 /* Debug */,
				C380DC7E270788C7003C5AA6 /* Release */,
			);
			defaultConfigurationIsVisible = 0;
			defaultConfigurationName = Release;
		};
		C380DC7F270788C7003C5AA6 /* Build configuration list for PBXNativeTarget "TTT.HW" */ = {
			isa = XCConfigurationList;
			buildConfigurations = (
				C380DC80270788C7003C5AA6 /* Debug */,
				C380DC81270788C7003C5AA6 /* Release */,
			);
			defaultConfigurationIsVisible = 0;
			defaultConfigurationName = Release;
		};
		C380DC82270788C7003C5AA6 /* Build configuration list for PBXNativeTarget "TTT.HWTests" */ = {
			isa = XCConfigurationList;
			buildConfigurations = (
				C380DC83270788C7003C5AA6 /* Debug */,
				C380DC84270788C7003C5AA6 /* Release */,
			);
			defaultConfigurationIsVisible = 0;
			defaultConfigurationName = Release;
		};
		C380DC85270788C7003C5AA6 /* Build configuration list for PBXNativeTarget "TTT.HWUITests" */ = {
			isa = XCConfigurationList;
			buildConfigurations = (
				C380DC86270788C7003C5AA6 /* Debug */,
				C380DC87270788C7003C5AA6 /* Release */,
			);
			defaultConfigurationIsVisible = 0;
			defaultConfigurationName = Release;
		};
/* End XCConfigurationList section */
	};
	rootObject = C380DC4D270788C6003C5AA6 /* Project object */;
}
